{
  "nodes": {
    "nixpkgs": {
      "locked": {
        "lastModified": 1743012746,
        "narHash": "sha256-8hj45kVI9Tp4AeKV6wHyHQ3iNod7rVd83p6L14Hbff4=",
        "owner": "NixOS",
        "repo": "nixpkgs",
        "rev": "e1f0c8be802db08a15584224fc505a740ae33caf",
        "type": "github"
      },
      "original": {
        "owner": "NixOS",
        "repo": "nixpkgs",
        "type": "github"
      }
    },
    "nixpkgs_2": {
      "locked": {
        "lastModified": 1725103162,
        "narHash": "sha256-Ym04C5+qovuQDYL/rKWSR+WESseQBbNAe5DsXNx5trY=",
        "owner": "nixos",
        "repo": "nixpkgs",
        "rev": "12228ff1752d7b7624a54e9c1af4b222b3c1073b",
        "type": "github"
      },
      "original": {
        "owner": "nixos",
        "ref": "nixos-unstable",
        "repo": "nixpkgs",
        "type": "github"
      }
    },
    "pyproject-nix": {
      "inputs": {
        "nixpkgs": [
          "uv2nix",
          "nixpkgs"
        ]
      },
      "locked": {
        "lastModified": 1742689405,
        "narHash": "sha256-vaiMNk+EnxaXdMKeaB8vDAxQwOEuY978uUJtbaDETns=",
        "owner": "pyproject-nix",
        "repo": "pyproject.nix",
        "rev": "a395ae65a42656b1a2a424f8353e55f93d9692ca",
        "type": "github"
      },
      "original": {
        "owner": "pyproject-nix",
        "repo": "pyproject.nix",
        "type": "github"
      }
    },
    "root": {
      "inputs": {
        "nixpkgs": "nixpkgs",
        "uv2nix": "uv2nix",
        "uv2nix_hammer_overrides": "uv2nix_hammer_overrides"
      }
    },
    "systems": {
      "locked": {
        "lastModified": 1681028828,
        "narHash": "sha256-Vy1rq5AaRuLzOxct8nz4T6wlgyUR7zLU309k9mBC768=",
        "owner": "nix-systems",
        "repo": "default",
        "rev": "da67096a3b9bf56a91d16901293e51ba5b49a27e",
        "type": "github"
      },
      "original": {
        "id": "systems",
        "type": "indirect"
      }
    },
    "treefmt-nix": {
      "inputs": {
        "nixpkgs": "nixpkgs_2"
      },
      "locked": {
        "lastModified": 1725271838,
        "narHash": "sha256-VcqxWT0O/gMaeWTTjf1r4MOyG49NaNxW4GHTO3xuThE=",
        "owner": "numtide",
        "repo": "treefmt-nix",
        "rev": "9fb342d14b69aefdf46187f6bb80a4a0d97007cd",
        "type": "github"
      },
      "original": {
        "owner": "numtide",
        "repo": "treefmt-nix",
        "type": "github"
      }
    },
    "uv2nix": {
      "inputs": {
        "nixpkgs": [
          "nixpkgs"
        ],
        "pyproject-nix": "pyproject-nix"
      },
      "locked": {
        "lastModified": 1742975782,
        "narHash": "sha256-0b0I1E/WjZjkWPxb+BtVUxI3uxlu8DIdbPWW5WvzAZ0=",
        "owner": "pyproject-nix",
        "repo": "uv2nix",
        "rev": "edc060c2f299dbd2c55f23b9a1e9b2eb874929d0",
        "type": "github"
      },
      "original": {
        "owner": "pyproject-nix",
        "repo": "uv2nix",
        "type": "github"
      }
    },
    "uv2nix_hammer_overrides": {
      "inputs": {
        "nixpkgs": [
          "nixpkgs"
        ],
        "systems": "systems",
        "treefmt-nix": "treefmt-nix"
      },
      "locked": {
        "lastModified": 1742907313,
        "narHash": "sha256-OdguFnLJuhl1i+Ha+pP1mqLoLmdI96QFfaxDYyz7jE8=",
        "owner": "TyberiusPrime",
        "repo": "uv2nix_hammer_overrides",
        "rev": "a583ff5a32c581698538c902d6c3beb8dbe32b32",
        "type": "github"
      },
      "original": {
        "owner": "TyberiusPrime",
        "repo": "uv2nix_hammer_overrides",
        "type": "github"
      }
    }
  },
  "root": "root",
  "version": 7
}
